// !$*UTF8*$!
{
	archiveVersion = 1;
	classes = {
	};
	objectVersion = 46;
	objects = {

/* Begin PBXBuildFile section */
		0204F71F1E04F1E800ECCB85 /* Extensions.swift in Sources */ = {isa = PBXBuildFile; fileRef = 0204F71E1E04F1E800ECCB85 /* Extensions.swift */; };
		0204F7211E058CE200ECCB85 /* CalculatorBrain.swift in Sources */ = {isa = PBXBuildFile; fileRef = 0204F7201E058CE200ECCB85 /* CalculatorBrain.swift */; };
		0204F7241E068FB600ECCB85 /* DictManager.swift in Sources */ = {isa = PBXBuildFile; fileRef = 0204F7231E068FB600ECCB85 /* DictManager.swift */; };
		020566EE1F556B08000A46DA /* CollectionPresenter.swift in Sources */ = {isa = PBXBuildFile; fileRef = 020566ED1F556B08000A46DA /* CollectionPresenter.swift */; };
		020566F21F556D9B000A46DA /* DataCollectionTableViewController.swift in Sources */ = {isa = PBXBuildFile; fileRef = 020566F11F556D9B000A46DA /* DataCollectionTableViewController.swift */; };
		021BCEF51E22EF8300A4F0A6 /* Sort.swift in Sources */ = {isa = PBXBuildFile; fileRef = 021BCEF31E22EF8300A4F0A6 /* Sort.swift */; };
		021BCEF61E22EF8300A4F0A6 /* SortClass.swift in Sources */ = {isa = PBXBuildFile; fileRef = 021BCEF41E22EF8300A4F0A6 /* SortClass.swift */; };
		022D10961E0BD229001BDFBB /* EyeView.swift in Sources */ = {isa = PBXBuildFile; fileRef = 022D10951E0BD229001BDFBB /* EyeView.swift */; };
		023C152E1E03EBAD00E5B4C1 /* CalculatorViewController.swift in Sources */ = {isa = PBXBuildFile; fileRef = 023C152D1E03EBAD00E5B4C1 /* CalculatorViewController.swift */; };
		023C15301E03EBC100E5B4C1 /* demo.storyboard in Resources */ = {isa = PBXBuildFile; fileRef = 023C152F1E03EBC100E5B4C1 /* demo.storyboard */; };
		023C153F1E03FAB500E5B4C1 /* SessionManager.swift in Sources */ = {isa = PBXBuildFile; fileRef = 023C153E1E03FAB500E5B4C1 /* SessionManager.swift */; };
		023C15411E03FECE00E5B4C1 /* FaceViewController.swift in Sources */ = {isa = PBXBuildFile; fileRef = 023C15401E03FECE00E5B4C1 /* FaceViewController.swift */; };
		023C15431E03FF8B00E5B4C1 /* FaceView.swift in Sources */ = {isa = PBXBuildFile; fileRef = 023C15421E03FF8B00E5B4C1 /* FaceView.swift */; };
		023C15461E041DFC00E5B4C1 /* FacialExpression.swift in Sources */ = {isa = PBXBuildFile; fileRef = 023C15451E041DFC00E5B4C1 /* FacialExpression.swift */; };
		023C158A1E0445DA00E5B4C1 /* DispatchViewController.swift in Sources */ = {isa = PBXBuildFile; fileRef = 023C15891E0445DA00E5B4C1 /* DispatchViewController.swift */; };
		0241C3DD1F33C2A800754F3B /* MyButton.xib in Resources */ = {isa = PBXBuildFile; fileRef = 0241C3DC1F33C2A800754F3B /* MyButton.xib */; };
		0241C3DE1F33C2A800754F3B /* MyButton.xib in Resources */ = {isa = PBXBuildFile; fileRef = 0241C3DC1F33C2A800754F3B /* MyButton.xib */; };
		0241C3DF1F33C2A800754F3B /* MyButton.xib in Resources */ = {isa = PBXBuildFile; fileRef = 0241C3DC1F33C2A800754F3B /* MyButton.xib */; };
		0241C3E51F33C3BC00754F3B /* MyButtonView.swift in Sources */ = {isa = PBXBuildFile; fileRef = 0241C3E41F33C3BC00754F3B /* MyButtonView.swift */; };
		0241C3E61F33C3BC00754F3B /* MyButtonView.swift in Sources */ = {isa = PBXBuildFile; fileRef = 0241C3E41F33C3BC00754F3B /* MyButtonView.swift */; };
		0241C3E71F33C3BC00754F3B /* MyButtonView.swift in Sources */ = {isa = PBXBuildFile; fileRef = 0241C3E41F33C3BC00754F3B /* MyButtonView.swift */; };
		02435ED31F5D4E6C00F85FA0 /* KeychainService.swift in Sources */ = {isa = PBXBuildFile; fileRef = 02435ED21F5D4E6C00F85FA0 /* KeychainService.swift */; };
		025668EE1E32397F003966E2 /* GPXViewController.swift in Sources */ = {isa = PBXBuildFile; fileRef = 025668ED1E32397F003966E2 /* GPXViewController.swift */; };
		025668F01E323D96003966E2 /* GPX.swift in Sources */ = {isa = PBXBuildFile; fileRef = 025668EF1E323D96003966E2 /* GPX.swift */; };
		025668F21E3242FB003966E2 /* MKGPX.swift in Sources */ = {isa = PBXBuildFile; fileRef = 025668F11E3242FB003966E2 /* MKGPX.swift */; };
		025668FB1E329FD3003966E2 /* Places.swift in Sources */ = {isa = PBXBuildFile; fileRef = 025668FA1E329FD3003966E2 /* Places.swift */; };
		025668FD1E329FDA003966E2 /* Places.plist in Resources */ = {isa = PBXBuildFile; fileRef = 025668FC1E329FDA003966E2 /* Places.plist */; };
		025668FF1E32A101003966E2 /* MapDemoViewController.swift in Sources */ = {isa = PBXBuildFile; fileRef = 025668FE1E32A101003966E2 /* MapDemoViewController.swift */; };
		02617AE81E1410DD00C3F4E9 /* TimerViewController.swift in Sources */ = {isa = PBXBuildFile; fileRef = 02617AE71E1410DD00C3F4E9 /* TimerViewController.swift */; };
		02641D4F1EF2667F0037741D /* AudioViewController.swift in Sources */ = {isa = PBXBuildFile; fileRef = 02641D4E1EF2667F0037741D /* AudioViewController.swift */; };
		026891801F5EEC29001F3A9F /* DeviceKit.swift in Sources */ = {isa = PBXBuildFile; fileRef = 0268917F1F5EEC29001F3A9F /* DeviceKit.swift */; };
		026891831F5EF594001F3A9F /* TrafficPackage.swift in Sources */ = {isa = PBXBuildFile; fileRef = 026891821F5EF594001F3A9F /* TrafficPackage.swift */; };
		026891871F5EF5AC001F3A9F /* TrafficCounter.swift in Sources */ = {isa = PBXBuildFile; fileRef = 026891861F5EF5AC001F3A9F /* TrafficCounter.swift */; };
		0268918A1F5EF639001F3A9F /* Ex+UInt32.swift in Sources */ = {isa = PBXBuildFile; fileRef = 026891881F5EF639001F3A9F /* Ex+UInt32.swift */; };
		0268918B1F5EF639001F3A9F /* Ex+Double.swift in Sources */ = {isa = PBXBuildFile; fileRef = 026891891F5EF639001F3A9F /* Ex+Double.swift */; };
		0268918D1F5F28BB001F3A9F /* TrafficData.swift in Sources */ = {isa = PBXBuildFile; fileRef = 0268918C1F5F28BB001F3A9F /* TrafficData.swift */; };
		026BD16E1E21A4EE00C0E3F3 /* applelogo.png in Resources */ = {isa = PBXBuildFile; fileRef = 026BD16D1E21A4EE00C0E3F3 /* applelogo.png */; };
		026BD1711E21A5F600C0E3F3 /* SortViewController.swift in Sources */ = {isa = PBXBuildFile; fileRef = 026BD1701E21A5F600C0E3F3 /* SortViewController.swift */; };
		026BD1731E21A7E600C0E3F3 /* BarView.swift in Sources */ = {isa = PBXBuildFile; fileRef = 026BD1721E21A7E600C0E3F3 /* BarView.swift */; };
		026BD1751E21A91B00C0E3F3 /* HistogramView.swift in Sources */ = {isa = PBXBuildFile; fileRef = 026BD1741E21A91B00C0E3F3 /* HistogramView.swift */; };
		026C9DA61E2C0AD700DDDD53 /* DropItViewController.swift in Sources */ = {isa = PBXBuildFile; fileRef = 026C9DA51E2C0AD700DDDD53 /* DropItViewController.swift */; };
		026C9DA81E2C0BE700DDDD53 /* DropItView.swift in Sources */ = {isa = PBXBuildFile; fileRef = 026C9DA71E2C0BE700DDDD53 /* DropItView.swift */; };
		026C9DAB1E2C0D5400DDDD53 /* UIKit Extension.swift in Sources */ = {isa = PBXBuildFile; fileRef = 026C9DAA1E2C0D5400DDDD53 /* UIKit Extension.swift */; };
		026C9DAD1E2C13F400DDDD53 /* FallingObjectBehavior.swift in Sources */ = {isa = PBXBuildFile; fileRef = 026C9DAC1E2C13F400DDDD53 /* FallingObjectBehavior.swift */; };
		026C9DAF1E2C1B0500DDDD53 /* NamedBezierPathsView.swift in Sources */ = {isa = PBXBuildFile; fileRef = 026C9DAE1E2C1B0500DDDD53 /* NamedBezierPathsView.swift */; };
		02898D341E03E43D00D3820B /* BaseViewController.swift in Sources */ = {isa = PBXBuildFile; fileRef = 02898D331E03E43D00D3820B /* BaseViewController.swift */; };
		02898D361E03E56300D3820B /* CustomViewViewController.swift in Sources */ = {isa = PBXBuildFile; fileRef = 02898D351E03E56300D3820B /* CustomViewViewController.swift */; };
		02898D381E03E57500D3820B /* AlamofireViewController.swift in Sources */ = {isa = PBXBuildFile; fileRef = 02898D371E03E57500D3820B /* AlamofireViewController.swift */; };
		02B1A81A1E3358E2008CB207 /* ImageViewController.swift in Sources */ = {isa = PBXBuildFile; fileRef = 02B1A8191E3358E2008CB207 /* ImageViewController.swift */; };
		02B1A81C1E336A88008CB207 /* EditWaypointViewController.swift in Sources */ = {isa = PBXBuildFile; fileRef = 02B1A81B1E336A88008CB207 /* EditWaypointViewController.swift */; };
		02B1A86E1E35FFB5008CB207 /* MyProfileViewController.swift in Sources */ = {isa = PBXBuildFile; fileRef = 02B1A86D1E35FFB5008CB207 /* MyProfileViewController.swift */; };
		02B1A8701E360109008CB207 /* MyProfileHeaderView.swift in Sources */ = {isa = PBXBuildFile; fileRef = 02B1A86F1E360109008CB207 /* MyProfileHeaderView.swift */; };
		02B1A8721E360304008CB207 /* Utilities.swift in Sources */ = {isa = PBXBuildFile; fileRef = 02B1A8711E360304008CB207 /* Utilities.swift */; };
		02E934B11E922988000C5AB6 /* RxDemoViewController.swift in Sources */ = {isa = PBXBuildFile; fileRef = 02E934B01E922988000C5AB6 /* RxDemoViewController.swift */; };
		02F010E81E03E13C00D730D8 /* AppDelegate.swift in Sources */ = {isa = PBXBuildFile; fileRef = 02F010E71E03E13C00D730D8 /* AppDelegate.swift */; };
		02F010ED1E03E13C00D730D8 /* Main.storyboard in Resources */ = {isa = PBXBuildFile; fileRef = 02F010EB1E03E13C00D730D8 /* Main.storyboard */; };
		02F010EF1E03E13C00D730D8 /* Assets.xcassets in Resources */ = {isa = PBXBuildFile; fileRef = 02F010EE1E03E13C00D730D8 /* Assets.xcassets */; };
		02F010F21E03E13C00D730D8 /* LaunchScreen.storyboard in Resources */ = {isa = PBXBuildFile; fileRef = 02F010F01E03E13C00D730D8 /* LaunchScreen.storyboard */; };
		02F010FD1E03E13C00D730D8 /* ApolloTests.swift in Sources */ = {isa = PBXBuildFile; fileRef = 02F010FC1E03E13C00D730D8 /* ApolloTests.swift */; };
		02F011081E03E13C00D730D8 /* ApolloUITests.swift in Sources */ = {isa = PBXBuildFile; fileRef = 02F011071E03E13C00D730D8 /* ApolloUITests.swift */; };
		02F011161E03E1F400D730D8 /* MainViewController.swift in Sources */ = {isa = PBXBuildFile; fileRef = 02F011151E03E1F400D730D8 /* MainViewController.swift */; };
		02F465751F311844004AE9CD /* RotationLabelViewController.swift in Sources */ = {isa = PBXBuildFile; fileRef = 02F465741F311844004AE9CD /* RotationLabelViewController.swift */; };
		02F465791F31197E004AE9CD /* RotationLabel.swift in Sources */ = {isa = PBXBuildFile; fileRef = 02F465781F31197E004AE9CD /* RotationLabel.swift */; };
		02F4657B1F3119BC004AE9CD /* RotationCell.swift in Sources */ = {isa = PBXBuildFile; fileRef = 02F4657A1F3119BC004AE9CD /* RotationCell.swift */; };
		02F8614A1E21547900F18FBC /* LocalNotificationViewController.swift in Sources */ = {isa = PBXBuildFile; fileRef = 02F861491E21547900F18FBC /* LocalNotificationViewController.swift */; };
		3F376D00D5684DB3C204C97F /* Pods_ApolloTests.framework in Frameworks */ = {isa = PBXBuildFile; fileRef = 8922EBD215978820030376F7 /* Pods_ApolloTests.framework */; };
		880B0EB68CA28094C131FA1F /* Pods_Apollo.framework in Frameworks */ = {isa = PBXBuildFile; fileRef = 6E2190F93271D9E283ED0DF9 /* Pods_Apollo.framework */; };
		B54CF69603AE07B21A59EF6B /* Pods_ApolloUITests.framework in Frameworks */ = {isa = PBXBuildFile; fileRef = E7FF1379C3CE97DB2CFFBB42 /* Pods_ApolloUITests.framework */; };
/* End PBXBuildFile section */

/* Begin PBXContainerItemProxy section */
		02F010F91E03E13C00D730D8 /* PBXContainerItemProxy */ = {
			isa = PBXContainerItemProxy;
			containerPortal = 02F010DC1E03E13C00D730D8 /* Project object */;
			proxyType = 1;
			remoteGlobalIDString = 02F010E31E03E13C00D730D8;
			remoteInfo = Apollo;
		};
		02F011041E03E13C00D730D8 /* PBXContainerItemProxy */ = {
			isa = PBXContainerItemProxy;
			containerPortal = 02F010DC1E03E13C00D730D8 /* Project object */;
			proxyType = 1;
			remoteGlobalIDString = 02F010E31E03E13C00D730D8;
			remoteInfo = Apollo;
		};
/* End PBXContainerItemProxy section */

/* Begin PBXFileReference section */
		0204F71E1E04F1E800ECCB85 /* Extensions.swift */ = {isa = PBXFileReference; fileEncoding = 4; lastKnownFileType = sourcecode.swift; path = Extensions.swift; sourceTree = "<group>"; };
		0204F7201E058CE200ECCB85 /* CalculatorBrain.swift */ = {isa = PBXFileReference; fileEncoding = 4; lastKnownFileType = sourcecode.swift; path = CalculatorBrain.swift; sourceTree = "<group>"; };
		0204F7231E068FB600ECCB85 /* DictManager.swift */ = {isa = PBXFileReference; fileEncoding = 4; lastKnownFileType = sourcecode.swift; path = DictManager.swift; sourceTree = "<group>"; };
		020566ED1F556B08000A46DA /* CollectionPresenter.swift */ = {isa = PBXFileReference; fileEncoding = 4; lastKnownFileType = sourcecode.swift; path = CollectionPresenter.swift; sourceTree = "<group>"; };
		020566F11F556D9B000A46DA /* DataCollectionTableViewController.swift */ = {isa = PBXFileReference; fileEncoding = 4; lastKnownFileType = sourcecode.swift; path = DataCollectionTableViewController.swift; sourceTree = "<group>"; };
		021BCEF31E22EF8300A4F0A6 /* Sort.swift */ = {isa = PBXFileReference; fileEncoding = 4; lastKnownFileType = sourcecode.swift; path = Sort.swift; sourceTree = "<group>"; };
		021BCEF41E22EF8300A4F0A6 /* SortClass.swift */ = {isa = PBXFileReference; fileEncoding = 4; lastKnownFileType = sourcecode.swift; path = SortClass.swift; sourceTree = "<group>"; };
		022D10951E0BD229001BDFBB /* EyeView.swift */ = {isa = PBXFileReference; fileEncoding = 4; lastKnownFileType = sourcecode.swift; path = EyeView.swift; sourceTree = "<group>"; };
		023C152D1E03EBAD00E5B4C1 /* CalculatorViewController.swift */ = {isa = PBXFileReference; fileEncoding = 4; lastKnownFileType = sourcecode.swift; path = CalculatorViewController.swift; sourceTree = "<group>"; };
		023C152F1E03EBC100E5B4C1 /* demo.storyboard */ = {isa = PBXFileReference; fileEncoding = 4; lastKnownFileType = file.storyboard; path = demo.storyboard; sourceTree = "<group>"; };
		023C153E1E03FAB500E5B4C1 /* SessionManager.swift */ = {isa = PBXFileReference; fileEncoding = 4; lastKnownFileType = sourcecode.swift; path = SessionManager.swift; sourceTree = "<group>"; };
		023C15401E03FECE00E5B4C1 /* FaceViewController.swift */ = {isa = PBXFileReference; fileEncoding = 4; lastKnownFileType = sourcecode.swift; path = FaceViewController.swift; sourceTree = "<group>"; };
		023C15421E03FF8B00E5B4C1 /* FaceView.swift */ = {isa = PBXFileReference; fileEncoding = 4; lastKnownFileType = sourcecode.swift; path = FaceView.swift; sourceTree = "<group>"; };
		023C15451E041DFC00E5B4C1 /* FacialExpression.swift */ = {isa = PBXFileReference; fileEncoding = 4; lastKnownFileType = sourcecode.swift; path = FacialExpression.swift; sourceTree = "<group>"; };
		023C15891E0445DA00E5B4C1 /* DispatchViewController.swift */ = {isa = PBXFileReference; fileEncoding = 4; lastKnownFileType = sourcecode.swift; path = DispatchViewController.swift; sourceTree = "<group>"; };
		0241C3DC1F33C2A800754F3B /* MyButton.xib */ = {isa = PBXFileReference; fileEncoding = 4; lastKnownFileType = file.xib; name = MyButton.xib; path = CustomView/MyButton.xib; sourceTree = "<group>"; };
		0241C3E41F33C3BC00754F3B /* MyButtonView.swift */ = {isa = PBXFileReference; fileEncoding = 4; lastKnownFileType = sourcecode.swift; name = MyButtonView.swift; path = CustomView/MyButtonView.swift; sourceTree = "<group>"; };
		02435ED21F5D4E6C00F85FA0 /* KeychainService.swift */ = {isa = PBXFileReference; fileEncoding = 4; lastKnownFileType = sourcecode.swift; path = KeychainService.swift; sourceTree = "<group>"; };
		025668ED1E32397F003966E2 /* GPXViewController.swift */ = {isa = PBXFileReference; fileEncoding = 4; lastKnownFileType = sourcecode.swift; name = GPXViewController.swift; path = GPX/GPXViewController.swift; sourceTree = "<group>"; };
		025668EF1E323D96003966E2 /* GPX.swift */ = {isa = PBXFileReference; fileEncoding = 4; lastKnownFileType = sourcecode.swift; path = GPX.swift; sourceTree = "<group>"; };
		025668F11E3242FB003966E2 /* MKGPX.swift */ = {isa = PBXFileReference; fileEncoding = 4; lastKnownFileType = sourcecode.swift; name = MKGPX.swift; path = GPX/MKGPX.swift; sourceTree = "<group>"; };
		025668FA1E329FD3003966E2 /* Places.swift */ = {isa = PBXFileReference; fileEncoding = 4; lastKnownFileType = sourcecode.swift; path = Places.swift; sourceTree = "<group>"; };
		025668FC1E329FDA003966E2 /* Places.plist */ = {isa = PBXFileReference; fileEncoding = 4; lastKnownFileType = text.plist.xml; path = Places.plist; sourceTree = "<group>"; };
		025668FE1E32A101003966E2 /* MapDemoViewController.swift */ = {isa = PBXFileReference; fileEncoding = 4; lastKnownFileType = sourcecode.swift; name = MapDemoViewController.swift; path = MapDemo/MapDemoViewController.swift; sourceTree = "<group>"; };
		02617AE71E1410DD00C3F4E9 /* TimerViewController.swift */ = {isa = PBXFileReference; fileEncoding = 4; lastKnownFileType = sourcecode.swift; path = TimerViewController.swift; sourceTree = "<group>"; };
		02641D4E1EF2667F0037741D /* AudioViewController.swift */ = {isa = PBXFileReference; fileEncoding = 4; lastKnownFileType = sourcecode.swift; path = AudioViewController.swift; sourceTree = "<group>"; };
		0268917E1F5EDF98001F3A9F /* Bridging-Header.h */ = {isa = PBXFileReference; fileEncoding = 4; lastKnownFileType = sourcecode.c.h; path = "Bridging-Header.h"; sourceTree = "<group>"; };
		0268917F1F5EEC29001F3A9F /* DeviceKit.swift */ = {isa = PBXFileReference; fileEncoding = 4; lastKnownFileType = sourcecode.swift; path = DeviceKit.swift; sourceTree = "<group>"; };
		026891821F5EF594001F3A9F /* TrafficPackage.swift */ = {isa = PBXFileReference; fileEncoding = 4; lastKnownFileType = sourcecode.swift; path = TrafficPackage.swift; sourceTree = "<group>"; };
		026891861F5EF5AC001F3A9F /* TrafficCounter.swift */ = {isa = PBXFileReference; fileEncoding = 4; lastKnownFileType = sourcecode.swift; path = TrafficCounter.swift; sourceTree = "<group>"; };
		026891881F5EF639001F3A9F /* Ex+UInt32.swift */ = {isa = PBXFileReference; fileEncoding = 4; lastKnownFileType = sourcecode.swift; path = "Ex+UInt32.swift"; sourceTree = "<group>"; };
		026891891F5EF639001F3A9F /* Ex+Double.swift */ = {isa = PBXFileReference; fileEncoding = 4; lastKnownFileType = sourcecode.swift; path = "Ex+Double.swift"; sourceTree = "<group>"; };
		0268918C1F5F28BB001F3A9F /* TrafficData.swift */ = {isa = PBXFileReference; fileEncoding = 4; lastKnownFileType = sourcecode.swift; path = TrafficData.swift; sourceTree = "<group>"; };
		026BD16D1E21A4EE00C0E3F3 /* applelogo.png */ = {isa = PBXFileReference; lastKnownFileType = image.png; path = applelogo.png; sourceTree = "<group>"; };
		026BD1701E21A5F600C0E3F3 /* SortViewController.swift */ = {isa = PBXFileReference; fileEncoding = 4; lastKnownFileType = sourcecode.swift; path = SortViewController.swift; sourceTree = "<group>"; };
		026BD1721E21A7E600C0E3F3 /* BarView.swift */ = {isa = PBXFileReference; fileEncoding = 4; lastKnownFileType = sourcecode.swift; path = BarView.swift; sourceTree = "<group>"; };
		026BD1741E21A91B00C0E3F3 /* HistogramView.swift */ = {isa = PBXFileReference; fileEncoding = 4; lastKnownFileType = sourcecode.swift; path = HistogramView.swift; sourceTree = "<group>"; };
		026C9DA51E2C0AD700DDDD53 /* DropItViewController.swift */ = {isa = PBXFileReference; fileEncoding = 4; lastKnownFileType = sourcecode.swift; path = DropItViewController.swift; sourceTree = "<group>"; };
		026C9DA71E2C0BE700DDDD53 /* DropItView.swift */ = {isa = PBXFileReference; fileEncoding = 4; lastKnownFileType = sourcecode.swift; path = DropItView.swift; sourceTree = "<group>"; };
		026C9DAA1E2C0D5400DDDD53 /* UIKit Extension.swift */ = {isa = PBXFileReference; fileEncoding = 4; lastKnownFileType = sourcecode.swift; path = "UIKit Extension.swift"; sourceTree = "<group>"; };
		026C9DAC1E2C13F400DDDD53 /* FallingObjectBehavior.swift */ = {isa = PBXFileReference; fileEncoding = 4; lastKnownFileType = sourcecode.swift; path = FallingObjectBehavior.swift; sourceTree = "<group>"; };
		026C9DAE1E2C1B0500DDDD53 /* NamedBezierPathsView.swift */ = {isa = PBXFileReference; fileEncoding = 4; lastKnownFileType = sourcecode.swift; name = NamedBezierPathsView.swift; path = DropIt/NamedBezierPathsView.swift; sourceTree = "<group>"; };
		02898D331E03E43D00D3820B /* BaseViewController.swift */ = {isa = PBXFileReference; fileEncoding = 4; lastKnownFileType = sourcecode.swift; path = BaseViewController.swift; sourceTree = "<group>"; };
		02898D351E03E56300D3820B /* CustomViewViewController.swift */ = {isa = PBXFileReference; fileEncoding = 4; lastKnownFileType = sourcecode.swift; path = CustomViewViewController.swift; sourceTree = "<group>"; };
		02898D371E03E57500D3820B /* AlamofireViewController.swift */ = {isa = PBXFileReference; fileEncoding = 4; lastKnownFileType = sourcecode.swift; path = AlamofireViewController.swift; sourceTree = "<group>"; };
		02B1A8191E3358E2008CB207 /* ImageViewController.swift */ = {isa = PBXFileReference; fileEncoding = 4; lastKnownFileType = sourcecode.swift; path = ImageViewController.swift; sourceTree = "<group>"; };
		02B1A81B1E336A88008CB207 /* EditWaypointViewController.swift */ = {isa = PBXFileReference; fileEncoding = 4; lastKnownFileType = sourcecode.swift; name = EditWaypointViewController.swift; path = GPX/EditWaypointViewController.swift; sourceTree = "<group>"; };
		02B1A86D1E35FFB5008CB207 /* MyProfileViewController.swift */ = {isa = PBXFileReference; fileEncoding = 4; lastKnownFileType = sourcecode.swift; name = MyProfileViewController.swift; path = MyProfile/MyProfileViewController.swift; sourceTree = "<group>"; };
		02B1A86F1E360109008CB207 /* MyProfileHeaderView.swift */ = {isa = PBXFileReference; fileEncoding = 4; lastKnownFileType = sourcecode.swift; name = MyProfileHeaderView.swift; path = MyProfile/MyProfileHeaderView.swift; sourceTree = "<group>"; };
		02B1A8711E360304008CB207 /* Utilities.swift */ = {isa = PBXFileReference; fileEncoding = 4; lastKnownFileType = sourcecode.swift; path = Utilities.swift; sourceTree = "<group>"; };
		02E934B01E922988000C5AB6 /* RxDemoViewController.swift */ = {isa = PBXFileReference; fileEncoding = 4; lastKnownFileType = sourcecode.swift; path = RxDemoViewController.swift; sourceTree = "<group>"; };
		02F010E41E03E13C00D730D8 /* Apollo.app */ = {isa = PBXFileReference; explicitFileType = wrapper.application; includeInIndex = 0; path = Apollo.app; sourceTree = BUILT_PRODUCTS_DIR; };
		02F010E71E03E13C00D730D8 /* AppDelegate.swift */ = {isa = PBXFileReference; lastKnownFileType = sourcecode.swift; path = AppDelegate.swift; sourceTree = "<group>"; };
		02F010EC1E03E13C00D730D8 /* Base */ = {isa = PBXFileReference; lastKnownFileType = file.storyboard; name = Base; path = Base.lproj/Main.storyboard; sourceTree = "<group>"; };
		02F010EE1E03E13C00D730D8 /* Assets.xcassets */ = {isa = PBXFileReference; lastKnownFileType = folder.assetcatalog; path = Assets.xcassets; sourceTree = "<group>"; };
		02F010F11E03E13C00D730D8 /* Base */ = {isa = PBXFileReference; lastKnownFileType = file.storyboard; name = Base; path = Base.lproj/LaunchScreen.storyboard; sourceTree = "<group>"; };
		02F010F31E03E13C00D730D8 /* Info.plist */ = {isa = PBXFileReference; lastKnownFileType = text.plist.xml; path = Info.plist; sourceTree = "<group>"; };
		02F010F81E03E13C00D730D8 /* ApolloTests.xctest */ = {isa = PBXFileReference; explicitFileType = wrapper.cfbundle; includeInIndex = 0; path = ApolloTests.xctest; sourceTree = BUILT_PRODUCTS_DIR; };
		02F010FC1E03E13C00D730D8 /* ApolloTests.swift */ = {isa = PBXFileReference; lastKnownFileType = sourcecode.swift; path = ApolloTests.swift; sourceTree = "<group>"; };
		02F010FE1E03E13C00D730D8 /* Info.plist */ = {isa = PBXFileReference; lastKnownFileType = text.plist.xml; path = Info.plist; sourceTree = "<group>"; };
		02F011031E03E13C00D730D8 /* ApolloUITests.xctest */ = {isa = PBXFileReference; explicitFileType = wrapper.cfbundle; includeInIndex = 0; path = ApolloUITests.xctest; sourceTree = BUILT_PRODUCTS_DIR; };
		02F011071E03E13C00D730D8 /* ApolloUITests.swift */ = {isa = PBXFileReference; lastKnownFileType = sourcecode.swift; path = ApolloUITests.swift; sourceTree = "<group>"; };
		02F011091E03E13C00D730D8 /* Info.plist */ = {isa = PBXFileReference; lastKnownFileType = text.plist.xml; path = Info.plist; sourceTree = "<group>"; };
		02F011151E03E1F400D730D8 /* MainViewController.swift */ = {isa = PBXFileReference; fileEncoding = 4; lastKnownFileType = sourcecode.swift; path = MainViewController.swift; sourceTree = "<group>"; };
		02F465741F311844004AE9CD /* RotationLabelViewController.swift */ = {isa = PBXFileReference; fileEncoding = 4; lastKnownFileType = sourcecode.swift; name = RotationLabelViewController.swift; path = RotationLabel/RotationLabelViewController.swift; sourceTree = "<group>"; };
		02F465781F31197E004AE9CD /* RotationLabel.swift */ = {isa = PBXFileReference; fileEncoding = 4; lastKnownFileType = sourcecode.swift; name = RotationLabel.swift; path = RotationLabel/RotationLabel.swift; sourceTree = "<group>"; };
		02F4657A1F3119BC004AE9CD /* RotationCell.swift */ = {isa = PBXFileReference; fileEncoding = 4; lastKnownFileType = sourcecode.swift; path = RotationCell.swift; sourceTree = "<group>"; };
		02F861491E21547900F18FBC /* LocalNotificationViewController.swift */ = {isa = PBXFileReference; fileEncoding = 4; lastKnownFileType = sourcecode.swift; path = LocalNotificationViewController.swift; sourceTree = "<group>"; };
		15E92AA34E6449269BAB21CA /* Pods-Apollo.debug.xcconfig */ = {isa = PBXFileReference; includeInIndex = 1; lastKnownFileType = text.xcconfig; name = "Pods-Apollo.debug.xcconfig"; path = "Pods/Target Support Files/Pods-Apollo/Pods-Apollo.debug.xcconfig"; sourceTree = "<group>"; };
		46AAB5335A3AFEDD5ADFDAFB /* Pods-Apollo.release.xcconfig */ = {isa = PBXFileReference; includeInIndex = 1; lastKnownFileType = text.xcconfig; name = "Pods-Apollo.release.xcconfig"; path = "Pods/Target Support Files/Pods-Apollo/Pods-Apollo.release.xcconfig"; sourceTree = "<group>"; };
		6DE4841194F04DE414E2E7F7 /* Pods-ApolloUITests.release.xcconfig */ = {isa = PBXFileReference; includeInIndex = 1; lastKnownFileType = text.xcconfig; name = "Pods-ApolloUITests.release.xcconfig"; path = "Pods/Target Support Files/Pods-ApolloUITests/Pods-ApolloUITests.release.xcconfig"; sourceTree = "<group>"; };
		6E2190F93271D9E283ED0DF9 /* Pods_Apollo.framework */ = {isa = PBXFileReference; explicitFileType = wrapper.framework; includeInIndex = 0; path = Pods_Apollo.framework; sourceTree = BUILT_PRODUCTS_DIR; };
		797B6CC7F69CD462AC815F4B /* Pods-ApolloTests.release.xcconfig */ = {isa = PBXFileReference; includeInIndex = 1; lastKnownFileType = text.xcconfig; name = "Pods-ApolloTests.release.xcconfig"; path = "Pods/Target Support Files/Pods-ApolloTests/Pods-ApolloTests.release.xcconfig"; sourceTree = "<group>"; };
		8922EBD215978820030376F7 /* Pods_ApolloTests.framework */ = {isa = PBXFileReference; explicitFileType = wrapper.framework; includeInIndex = 0; path = Pods_ApolloTests.framework; sourceTree = BUILT_PRODUCTS_DIR; };
		C16AD7DDD15B0727C68B20B5 /* Pods-ApolloTests.debug.xcconfig */ = {isa = PBXFileReference; includeInIndex = 1; lastKnownFileType = text.xcconfig; name = "Pods-ApolloTests.debug.xcconfig"; path = "Pods/Target Support Files/Pods-ApolloTests/Pods-ApolloTests.debug.xcconfig"; sourceTree = "<group>"; };
		E7FF1379C3CE97DB2CFFBB42 /* Pods_ApolloUITests.framework */ = {isa = PBXFileReference; explicitFileType = wrapper.framework; includeInIndex = 0; path = Pods_ApolloUITests.framework; sourceTree = BUILT_PRODUCTS_DIR; };
		E8A7C41E1CF100C3948F78C7 /* Pods-ApolloUITests.debug.xcconfig */ = {isa = PBXFileReference; includeInIndex = 1; lastKnownFileType = text.xcconfig; name = "Pods-ApolloUITests.debug.xcconfig"; path = "Pods/Target Support Files/Pods-ApolloUITests/Pods-ApolloUITests.debug.xcconfig"; sourceTree = "<group>"; };
/* End PBXFileReference section */

/* Begin PBXFrameworksBuildPhase section */
		02F010E11E03E13C00D730D8 /* Frameworks */ = {
			isa = PBXFrameworksBuildPhase;
			buildActionMask = 2147483647;
			files = (
				880B0EB68CA28094C131FA1F /* Pods_Apollo.framework in Frameworks */,
			);
			runOnlyForDeploymentPostprocessing = 0;
		};
		02F010F51E03E13C00D730D8 /* Frameworks */ = {
			isa = PBXFrameworksBuildPhase;
			buildActionMask = 2147483647;
			files = (
				3F376D00D5684DB3C204C97F /* Pods_ApolloTests.framework in Frameworks */,
			);
			runOnlyForDeploymentPostprocessing = 0;
		};
		02F011001E03E13C00D730D8 /* Frameworks */ = {
			isa = PBXFrameworksBuildPhase;
			buildActionMask = 2147483647;
			files = (
				B54CF69603AE07B21A59EF6B /* Pods_ApolloUITests.framework in Frameworks */,
			);
			runOnlyForDeploymentPostprocessing = 0;
		};
/* End PBXFrameworksBuildPhase section */

/* Begin PBXGroup section */
		0204F7221E068F8800ECCB85 /* Tools */ = {
			isa = PBXGroup;
			children = (
				026891881F5EF639001F3A9F /* Ex+UInt32.swift */,
				026891891F5EF639001F3A9F /* Ex+Double.swift */,
				026891811F5EF586001F3A9F /* Traffic */,
				0204F7231E068FB600ECCB85 /* DictManager.swift */,
				025668FA1E329FD3003966E2 /* Places.swift */,
				025668EF1E323D96003966E2 /* GPX.swift */,
				025668F11E3242FB003966E2 /* MKGPX.swift */,
				02B1A8711E360304008CB207 /* Utilities.swift */,
				02435ED21F5D4E6C00F85FA0 /* KeychainService.swift */,
				0268917F1F5EEC29001F3A9F /* DeviceKit.swift */,
			);
			name = Tools;
			sourceTree = "<group>";
		};
		020566E51F556A1D000A46DA /* Data Collection */ = {
			isa = PBXGroup;
			children = (
				020566E61F556A2A000A46DA /* New Group */,
				020566ED1F556B08000A46DA /* CollectionPresenter.swift */,
				020566F11F556D9B000A46DA /* DataCollectionTableViewController.swift */,
			);
			name = "Data Collection";
			sourceTree = "<group>";
		};
		020566E61F556A2A000A46DA /* New Group */ = {
			isa = PBXGroup;
			children = (
			);
			name = "New Group";
			sourceTree = "<group>";
		};
		021BCEF71E22EF8800A4F0A6 /* Sort */ = {
			isa = PBXGroup;
			children = (
				021BCEF31E22EF8300A4F0A6 /* Sort.swift */,
				021BCEF41E22EF8300A4F0A6 /* SortClass.swift */,
			);
			name = Sort;
			sourceTree = "<group>";
		};
		023C15441E03FFDC00E5B4C1 /* View */ = {
			isa = PBXGroup;
			children = (
				023C15421E03FF8B00E5B4C1 /* FaceView.swift */,
				026BD1721E21A7E600C0E3F3 /* BarView.swift */,
				022D10951E0BD229001BDFBB /* EyeView.swift */,
				026BD1741E21A91B00C0E3F3 /* HistogramView.swift */,
				026C9DA71E2C0BE700DDDD53 /* DropItView.swift */,
				026C9DAE1E2C1B0500DDDD53 /* NamedBezierPathsView.swift */,
				02B1A86F1E360109008CB207 /* MyProfileHeaderView.swift */,
			);
			name = View;
			sourceTree = "<group>";
		};
		023C15471E041EB300E5B4C1 /* Model */ = {
			isa = PBXGroup;
			children = (
				021BCEF71E22EF8800A4F0A6 /* Sort */,
				023C15451E041DFC00E5B4C1 /* FacialExpression.swift */,
				0204F7201E058CE200ECCB85 /* CalculatorBrain.swift */,
				026C9DAC1E2C13F400DDDD53 /* FallingObjectBehavior.swift */,
			);
			name = Model;
			sourceTree = "<group>";
		};
		0241C3DB1F33C26C00754F3B /* CustomView */ = {
			isa = PBXGroup;
			children = (
				0241C3E41F33C3BC00754F3B /* MyButtonView.swift */,
				0241C3DC1F33C2A800754F3B /* MyButton.xib */,
			);
			name = CustomView;
			sourceTree = "<group>";
		};
		026891811F5EF586001F3A9F /* Traffic */ = {
			isa = PBXGroup;
			children = (
				0268918C1F5F28BB001F3A9F /* TrafficData.swift */,
				026891861F5EF5AC001F3A9F /* TrafficCounter.swift */,
				026891821F5EF594001F3A9F /* TrafficPackage.swift */,
			);
			name = Traffic;
			sourceTree = "<group>";
		};
		026BD16F1E21A59B00C0E3F3 /* Resources */ = {
			isa = PBXGroup;
			children = (
				025668FC1E329FDA003966E2 /* Places.plist */,
				026BD16D1E21A4EE00C0E3F3 /* applelogo.png */,
			);
			name = Resources;
			sourceTree = "<group>";
		};
		026C9DA91E2C0D4300DDDD53 /* Extension */ = {
			isa = PBXGroup;
			children = (
				026C9DAA1E2C0D5400DDDD53 /* UIKit Extension.swift */,
			);
			name = Extension;
			sourceTree = "<group>";
		};
		02898D391E03E93000D3820B /* DemoViewController */ = {
			isa = PBXGroup;
			children = (
				02898D331E03E43D00D3820B /* BaseViewController.swift */,
				02B1A86D1E35FFB5008CB207 /* MyProfileViewController.swift */,
				026C9DA51E2C0AD700DDDD53 /* DropItViewController.swift */,
				02898D371E03E57500D3820B /* AlamofireViewController.swift */,
				02898D351E03E56300D3820B /* CustomViewViewController.swift */,
				023C152D1E03EBAD00E5B4C1 /* CalculatorViewController.swift */,
				023C15401E03FECE00E5B4C1 /* FaceViewController.swift */,
				023C15891E0445DA00E5B4C1 /* DispatchViewController.swift */,
				02617AE71E1410DD00C3F4E9 /* TimerViewController.swift */,
				02F861491E21547900F18FBC /* LocalNotificationViewController.swift */,
				026BD1701E21A5F600C0E3F3 /* SortViewController.swift */,
				025668ED1E32397F003966E2 /* GPXViewController.swift */,
				02B1A81B1E336A88008CB207 /* EditWaypointViewController.swift */,
				02B1A8191E3358E2008CB207 /* ImageViewController.swift */,
				025668FE1E32A101003966E2 /* MapDemoViewController.swift */,
				02E934B01E922988000C5AB6 /* RxDemoViewController.swift */,
				02641D4E1EF2667F0037741D /* AudioViewController.swift */,
			);
			name = DemoViewController;
			sourceTree = "<group>";
		};
		02898D3A1E03E95100D3820B /* Supporting files */ = {
			isa = PBXGroup;
			children = (
				02F010E71E03E13C00D730D8 /* AppDelegate.swift */,
				02F010EB1E03E13C00D730D8 /* Main.storyboard */,
				023C152F1E03EBC100E5B4C1 /* demo.storyboard */,
				02F010EE1E03E13C00D730D8 /* Assets.xcassets */,
				02F010F01E03E13C00D730D8 /* LaunchScreen.storyboard */,
				02F010F31E03E13C00D730D8 /* Info.plist */,
				0204F71E1E04F1E800ECCB85 /* Extensions.swift */,
				0268917E1F5EDF98001F3A9F /* Bridging-Header.h */,
			);
			name = "Supporting files";
			sourceTree = "<group>";
		};
		02F010DB1E03E13C00D730D8 = {
			isa = PBXGroup;
			children = (
				02F010E61E03E13C00D730D8 /* Apollo */,
				02F010FB1E03E13C00D730D8 /* ApolloTests */,
				02F011061E03E13C00D730D8 /* ApolloUITests */,
				02F010E51E03E13C00D730D8 /* Products */,
				1DAF03256613C6BA59179976 /* Pods */,
				EF4B8CCBE503D6EE173C6C04 /* Frameworks */,
			);
			sourceTree = "<group>";
		};
		02F010E51E03E13C00D730D8 /* Products */ = {
			isa = PBXGroup;
			children = (
				02F010E41E03E13C00D730D8 /* Apollo.app */,
				02F010F81E03E13C00D730D8 /* ApolloTests.xctest */,
				02F011031E03E13C00D730D8 /* ApolloUITests.xctest */,
			);
			name = Products;
			sourceTree = "<group>";
		};
		02F010E61E03E13C00D730D8 /* Apollo */ = {
			isa = PBXGroup;
			children = (
				020566E51F556A1D000A46DA /* Data Collection */,
				02F465761F3118C5004AE9CD /* RotationLabelDemo */,
				026C9DA91E2C0D4300DDDD53 /* Extension */,
				026BD16F1E21A59B00C0E3F3 /* Resources */,
				0204F7221E068F8800ECCB85 /* Tools */,
				02F011151E03E1F400D730D8 /* MainViewController.swift */,
				023C153E1E03FAB500E5B4C1 /* SessionManager.swift */,
				023C15471E041EB300E5B4C1 /* Model */,
				023C15441E03FFDC00E5B4C1 /* View */,
				02898D3A1E03E95100D3820B /* Supporting files */,
				02898D391E03E93000D3820B /* DemoViewController */,
			);
			path = Apollo;
			sourceTree = "<group>";
		};
		02F010FB1E03E13C00D730D8 /* ApolloTests */ = {
			isa = PBXGroup;
			children = (
				02F010FC1E03E13C00D730D8 /* ApolloTests.swift */,
				02F010FE1E03E13C00D730D8 /* Info.plist */,
			);
			path = ApolloTests;
			sourceTree = "<group>";
		};
		02F011061E03E13C00D730D8 /* ApolloUITests */ = {
			isa = PBXGroup;
			children = (
				02F011071E03E13C00D730D8 /* ApolloUITests.swift */,
				02F011091E03E13C00D730D8 /* Info.plist */,
			);
			path = ApolloUITests;
			sourceTree = "<group>";
		};
		02F465761F3118C5004AE9CD /* RotationLabelDemo */ = {
			isa = PBXGroup;
			children = (
				0241C3DB1F33C26C00754F3B /* CustomView */,
				02F465771F311965004AE9CD /* RotationLabel */,
				02F465741F311844004AE9CD /* RotationLabelViewController.swift */,
			);
			name = RotationLabelDemo;
			sourceTree = "<group>";
		};
		02F465771F311965004AE9CD /* RotationLabel */ = {
			isa = PBXGroup;
			children = (
				02F465781F31197E004AE9CD /* RotationLabel.swift */,
				02F4657A1F3119BC004AE9CD /* RotationCell.swift */,
			);
			name = RotationLabel;
			sourceTree = "<group>";
		};
		1DAF03256613C6BA59179976 /* Pods */ = {
			isa = PBXGroup;
			children = (
				15E92AA34E6449269BAB21CA /* Pods-Apollo.debug.xcconfig */,
				46AAB5335A3AFEDD5ADFDAFB /* Pods-Apollo.release.xcconfig */,
				C16AD7DDD15B0727C68B20B5 /* Pods-ApolloTests.debug.xcconfig */,
				797B6CC7F69CD462AC815F4B /* Pods-ApolloTests.release.xcconfig */,
				E8A7C41E1CF100C3948F78C7 /* Pods-ApolloUITests.debug.xcconfig */,
				6DE4841194F04DE414E2E7F7 /* Pods-ApolloUITests.release.xcconfig */,
			);
			name = Pods;
			sourceTree = "<group>";
		};
		EF4B8CCBE503D6EE173C6C04 /* Frameworks */ = {
			isa = PBXGroup;
			children = (
				6E2190F93271D9E283ED0DF9 /* Pods_Apollo.framework */,
				8922EBD215978820030376F7 /* Pods_ApolloTests.framework */,
				E7FF1379C3CE97DB2CFFBB42 /* Pods_ApolloUITests.framework */,
			);
			name = Frameworks;
			sourceTree = "<group>";
		};
/* End PBXGroup section */

/* Begin PBXNativeTarget section */
		02F010E31E03E13C00D730D8 /* Apollo */ = {
			isa = PBXNativeTarget;
			buildConfigurationList = 02F0110C1E03E13C00D730D8 /* Build configuration list for PBXNativeTarget "Apollo" */;
			buildPhases = (
				66CA430EEE597EDBE81DDA12 /* [CP] Check Pods Manifest.lock */,
				02F010E01E03E13C00D730D8 /* Sources */,
				02F010E11E03E13C00D730D8 /* Frameworks */,
				02F010E21E03E13C00D730D8 /* Resources */,
				C986DE5060EEF4EA86DBBF88 /* [CP] Embed Pods Frameworks */,
				5CA79EFCB8BAD10AA2087585 /* [CP] Copy Pods Resources */,
			);
			buildRules = (
			);
			dependencies = (
			);
			name = Apollo;
			productName = Apollo;
			productReference = 02F010E41E03E13C00D730D8 /* Apollo.app */;
			productType = "com.apple.product-type.application";
		};
		02F010F71E03E13C00D730D8 /* ApolloTests */ = {
			isa = PBXNativeTarget;
			buildConfigurationList = 02F0110F1E03E13C00D730D8 /* Build configuration list for PBXNativeTarget "ApolloTests" */;
			buildPhases = (
				EF8D918B26B6ED3E0222FBDD /* [CP] Check Pods Manifest.lock */,
				02F010F41E03E13C00D730D8 /* Sources */,
				02F010F51E03E13C00D730D8 /* Frameworks */,
				02F010F61E03E13C00D730D8 /* Resources */,
				24406AB622F9D49232F5567B /* [CP] Embed Pods Frameworks */,
				EE0B18CC7A7547FBEEE8F55E /* [CP] Copy Pods Resources */,
			);
			buildRules = (
			);
			dependencies = (
				02F010FA1E03E13C00D730D8 /* PBXTargetDependency */,
			);
			name = ApolloTests;
			productName = ApolloTests;
			productReference = 02F010F81E03E13C00D730D8 /* ApolloTests.xctest */;
			productType = "com.apple.product-type.bundle.unit-test";
		};
		02F011021E03E13C00D730D8 /* ApolloUITests */ = {
			isa = PBXNativeTarget;
			buildConfigurationList = 02F011121E03E13C00D730D8 /* Build configuration list for PBXNativeTarget "ApolloUITests" */;
			buildPhases = (
				BE6E31BD3EE36D6F1712F5B0 /* [CP] Check Pods Manifest.lock */,
				02F010FF1E03E13C00D730D8 /* Sources */,
				02F011001E03E13C00D730D8 /* Frameworks */,
				02F011011E03E13C00D730D8 /* Resources */,
				6A2E6900E8ECA3BE0B2BDE5A /* [CP] Embed Pods Frameworks */,
				FBC37A7D729EDA228F0371E9 /* [CP] Copy Pods Resources */,
			);
			buildRules = (
			);
			dependencies = (
				02F011051E03E13C00D730D8 /* PBXTargetDependency */,
			);
			name = ApolloUITests;
			productName = ApolloUITests;
			productReference = 02F011031E03E13C00D730D8 /* ApolloUITests.xctest */;
			productType = "com.apple.product-type.bundle.ui-testing";
		};
/* End PBXNativeTarget section */

/* Begin PBXProject section */
		02F010DC1E03E13C00D730D8 /* Project object */ = {
			isa = PBXProject;
			attributes = {
				LastSwiftUpdateCheck = 0810;
				LastUpgradeCheck = 0810;
				ORGANIZATIONNAME = "Zhihui Tang";
				TargetAttributes = {
					02F010E31E03E13C00D730D8 = {
						CreatedOnToolsVersion = 8.1;
						DevelopmentTeam = UHQQY8UDK4;
						ProvisioningStyle = Automatic;
						SystemCapabilities = {
							com.apple.BackgroundModes = {
								enabled = 0;
							};
						};
					};
					02F010F71E03E13C00D730D8 = {
						CreatedOnToolsVersion = 8.1;
						DevelopmentTeam = UHQQY8UDK4;
						ProvisioningStyle = Automatic;
						TestTargetID = 02F010E31E03E13C00D730D8;
					};
					02F011021E03E13C00D730D8 = {
						CreatedOnToolsVersion = 8.1;
						DevelopmentTeam = UHQQY8UDK4;
						ProvisioningStyle = Automatic;
						TestTargetID = 02F010E31E03E13C00D730D8;
					};
				};
			};
			buildConfigurationList = 02F010DF1E03E13C00D730D8 /* Build configuration list for PBXProject "Apollo" */;
			compatibilityVersion = "Xcode 3.2";
			developmentRegion = English;
			hasScannedForEncodings = 0;
			knownRegions = (
				en,
				Base,
			);
			mainGroup = 02F010DB1E03E13C00D730D8;
			productRefGroup = 02F010E51E03E13C00D730D8 /* Products */;
			projectDirPath = "";
			projectRoot = "";
			targets = (
				02F010E31E03E13C00D730D8 /* Apollo */,
				02F010F71E03E13C00D730D8 /* ApolloTests */,
				02F011021E03E13C00D730D8 /* ApolloUITests */,
			);
		};
/* End PBXProject section */

/* Begin PBXResourcesBuildPhase section */
		02F010E21E03E13C00D730D8 /* Resources */ = {
			isa = PBXResourcesBuildPhase;
			buildActionMask = 2147483647;
			files = (
				02F010F21E03E13C00D730D8 /* LaunchScreen.storyboard in Resources */,
				026BD16E1E21A4EE00C0E3F3 /* applelogo.png in Resources */,
				02F010EF1E03E13C00D730D8 /* Assets.xcassets in Resources */,
				02F010ED1E03E13C00D730D8 /* Main.storyboard in Resources */,
				025668FD1E329FDA003966E2 /* Places.plist in Resources */,
				023C15301E03EBC100E5B4C1 /* demo.storyboard in Resources */,
				0241C3DD1F33C2A800754F3B /* MyButton.xib in Resources */,
			);
			runOnlyForDeploymentPostprocessing = 0;
		};
		02F010F61E03E13C00D730D8 /* Resources */ = {
			isa = PBXResourcesBuildPhase;
			buildActionMask = 2147483647;
			files = (
				0241C3DE1F33C2A800754F3B /* MyButton.xib in Resources */,
			);
			runOnlyForDeploymentPostprocessing = 0;
		};
		02F011011E03E13C00D730D8 /* Resources */ = {
			isa = PBXResourcesBuildPhase;
			buildActionMask = 2147483647;
			files = (
				0241C3DF1F33C2A800754F3B /* MyButton.xib in Resources */,
			);
			runOnlyForDeploymentPostprocessing = 0;
		};
/* End PBXResourcesBuildPhase section */

/* Begin PBXShellScriptBuildPhase section */
		24406AB622F9D49232F5567B /* [CP] Embed Pods Frameworks */ = {
			isa = PBXShellScriptBuildPhase;
			buildActionMask = 2147483647;
			files = (
			);
			inputPaths = (
			);
			name = "[CP] Embed Pods Frameworks";
			outputPaths = (
			);
			runOnlyForDeploymentPostprocessing = 0;
			shellPath = /bin/sh;
			shellScript = "\"${SRCROOT}/Pods/Target Support Files/Pods-ApolloTests/Pods-ApolloTests-frameworks.sh\"\n";
			showEnvVarsInLog = 0;
		};
		5CA79EFCB8BAD10AA2087585 /* [CP] Copy Pods Resources */ = {
			isa = PBXShellScriptBuildPhase;
			buildActionMask = 2147483647;
			files = (
			);
			inputPaths = (
			);
			name = "[CP] Copy Pods Resources";
			outputPaths = (
			);
			runOnlyForDeploymentPostprocessing = 0;
			shellPath = /bin/sh;
			shellScript = "\"${SRCROOT}/Pods/Target Support Files/Pods-Apollo/Pods-Apollo-resources.sh\"\n";
			showEnvVarsInLog = 0;
		};
		66CA430EEE597EDBE81DDA12 /* [CP] Check Pods Manifest.lock */ = {
			isa = PBXShellScriptBuildPhase;
			buildActionMask = 2147483647;
			files = (
			);
			inputPaths = (
			);
			name = "[CP] Check Pods Manifest.lock";
			outputPaths = (
			);
			runOnlyForDeploymentPostprocessing = 0;
			shellPath = /bin/sh;
			shellScript = "diff \"${PODS_ROOT}/../Podfile.lock\" \"${PODS_ROOT}/Manifest.lock\" > /dev/null\nif [ $? != 0 ] ; then\n    # print error to STDERR\n    echo \"error: The sandbox is not in sync with the Podfile.lock. Run 'pod install' or update your CocoaPods installation.\" >&2\n    exit 1\nfi\n";
			showEnvVarsInLog = 0;
		};
		6A2E6900E8ECA3BE0B2BDE5A /* [CP] Embed Pods Frameworks */ = {
			isa = PBXShellScriptBuildPhase;
			buildActionMask = 2147483647;
			files = (
			);
			inputPaths = (
			);
			name = "[CP] Embed Pods Frameworks";
			outputPaths = (
			);
			runOnlyForDeploymentPostprocessing = 0;
			shellPath = /bin/sh;
			shellScript = "\"${SRCROOT}/Pods/Target Support Files/Pods-ApolloUITests/Pods-ApolloUITests-frameworks.sh\"\n";
			showEnvVarsInLog = 0;
		};
		BE6E31BD3EE36D6F1712F5B0 /* [CP] Check Pods Manifest.lock */ = {
			isa = PBXShellScriptBuildPhase;
			buildActionMask = 2147483647;
			files = (
			);
			inputPaths = (
			);
			name = "[CP] Check Pods Manifest.lock";
			outputPaths = (
			);
			runOnlyForDeploymentPostprocessing = 0;
			shellPath = /bin/sh;
			shellScript = "diff \"${PODS_ROOT}/../Podfile.lock\" \"${PODS_ROOT}/Manifest.lock\" > /dev/null\nif [ $? != 0 ] ; then\n    # print error to STDERR\n    echo \"error: The sandbox is not in sync with the Podfile.lock. Run 'pod install' or update your CocoaPods installation.\" >&2\n    exit 1\nfi\n";
			showEnvVarsInLog = 0;
		};
		C986DE5060EEF4EA86DBBF88 /* [CP] Embed Pods Frameworks */ = {
			isa = PBXShellScriptBuildPhase;
			buildActionMask = 2147483647;
			files = (
			);
			inputPaths = (
			);
			name = "[CP] Embed Pods Frameworks";
			outputPaths = (
			);
			runOnlyForDeploymentPostprocessing = 0;
			shellPath = /bin/sh;
			shellScript = "\"${SRCROOT}/Pods/Target Support Files/Pods-Apollo/Pods-Apollo-frameworks.sh\"\n";
			showEnvVarsInLog = 0;
		};
		EE0B18CC7A7547FBEEE8F55E /* [CP] Copy Pods Resources */ = {
			isa = PBXShellScriptBuildPhase;
			buildActionMask = 2147483647;
			files = (
			);
			inputPaths = (
			);
			name = "[CP] Copy Pods Resources";
			outputPaths = (
			);
			runOnlyForDeploymentPostprocessing = 0;
			shellPath = /bin/sh;
			shellScript = "\"${SRCROOT}/Pods/Target Support Files/Pods-ApolloTests/Pods-ApolloTests-resources.sh\"\n";
			showEnvVarsInLog = 0;
		};
		EF8D918B26B6ED3E0222FBDD /* [CP] Check Pods Manifest.lock */ = {
			isa = PBXShellScriptBuildPhase;
			buildActionMask = 2147483647;
			files = (
			);
			inputPaths = (
			);
			name = "[CP] Check Pods Manifest.lock";
			outputPaths = (
			);
			runOnlyForDeploymentPostprocessing = 0;
			shellPath = /bin/sh;
			shellScript = "diff \"${PODS_ROOT}/../Podfile.lock\" \"${PODS_ROOT}/Manifest.lock\" > /dev/null\nif [ $? != 0 ] ; then\n    # print error to STDERR\n    echo \"error: The sandbox is not in sync with the Podfile.lock. Run 'pod install' or update your CocoaPods installation.\" >&2\n    exit 1\nfi\n";
			showEnvVarsInLog = 0;
		};
		FBC37A7D729EDA228F0371E9 /* [CP] Copy Pods Resources */ = {
			isa = PBXShellScriptBuildPhase;
			buildActionMask = 2147483647;
			files = (
			);
			inputPaths = (
			);
			name = "[CP] Copy Pods Resources";
			outputPaths = (
			);
			runOnlyForDeploymentPostprocessing = 0;
			shellPath = /bin/sh;
			shellScript = "\"${SRCROOT}/Pods/Target Support Files/Pods-ApolloUITests/Pods-ApolloUITests-resources.sh\"\n";
			showEnvVarsInLog = 0;
		};
/* End PBXShellScriptBuildPhase section */

/* Begin PBXSourcesBuildPhase section */
		02F010E01E03E13C00D730D8 /* Sources */ = {
			isa = PBXSourcesBuildPhase;
			buildActionMask = 2147483647;
			files = (
				025668EE1E32397F003966E2 /* GPXViewController.swift in Sources */,
				0268918A1F5EF639001F3A9F /* Ex+UInt32.swift in Sources */,
				026891801F5EEC29001F3A9F /* DeviceKit.swift in Sources */,
				02F4657B1F3119BC004AE9CD /* RotationCell.swift in Sources */,
				023C15411E03FECE00E5B4C1 /* FaceViewController.swift in Sources */,
				02F011161E03E1F400D730D8 /* MainViewController.swift in Sources */,
				026C9DAD1E2C13F400DDDD53 /* FallingObjectBehavior.swift in Sources */,
				026BD1731E21A7E600C0E3F3 /* BarView.swift in Sources */,
				026C9DA61E2C0AD700DDDD53 /* DropItViewController.swift in Sources */,
				02435ED31F5D4E6C00F85FA0 /* KeychainService.swift in Sources */,
				026BD1711E21A5F600C0E3F3 /* SortViewController.swift in Sources */,
				02898D381E03E57500D3820B /* AlamofireViewController.swift in Sources */,
				02898D361E03E56300D3820B /* CustomViewViewController.swift in Sources */,
				02617AE81E1410DD00C3F4E9 /* TimerViewController.swift in Sources */,
				026C9DA81E2C0BE700DDDD53 /* DropItView.swift in Sources */,
				02898D341E03E43D00D3820B /* BaseViewController.swift in Sources */,
				021BCEF61E22EF8300A4F0A6 /* SortClass.swift in Sources */,
				020566F21F556D9B000A46DA /* DataCollectionTableViewController.swift in Sources */,
				025668FB1E329FD3003966E2 /* Places.swift in Sources */,
				0204F7241E068FB600ECCB85 /* DictManager.swift in Sources */,
				023C158A1E0445DA00E5B4C1 /* DispatchViewController.swift in Sources */,
				02B1A8721E360304008CB207 /* Utilities.swift in Sources */,
				026C9DAF1E2C1B0500DDDD53 /* NamedBezierPathsView.swift in Sources */,
				02E934B11E922988000C5AB6 /* RxDemoViewController.swift in Sources */,
				0268918B1F5EF639001F3A9F /* Ex+Double.swift in Sources */,
				022D10961E0BD229001BDFBB /* EyeView.swift in Sources */,
				021BCEF51E22EF8300A4F0A6 /* Sort.swift in Sources */,
				023C152E1E03EBAD00E5B4C1 /* CalculatorViewController.swift in Sources */,
				026891831F5EF594001F3A9F /* TrafficPackage.swift in Sources */,
				0268918D1F5F28BB001F3A9F /* TrafficData.swift in Sources */,
				0204F71F1E04F1E800ECCB85 /* Extensions.swift in Sources */,
				026C9DAB1E2C0D5400DDDD53 /* UIKit Extension.swift in Sources */,
				026891871F5EF5AC001F3A9F /* TrafficCounter.swift in Sources */,
				025668F01E323D96003966E2 /* GPX.swift in Sources */,
				0241C3E51F33C3BC00754F3B /* MyButtonView.swift in Sources */,
				02F010E81E03E13C00D730D8 /* AppDelegate.swift in Sources */,
				025668FF1E32A101003966E2 /* MapDemoViewController.swift in Sources */,
				023C15461E041DFC00E5B4C1 /* FacialExpression.swift in Sources */,
				02F465791F31197E004AE9CD /* RotationLabel.swift in Sources */,
				02B1A81C1E336A88008CB207 /* EditWaypointViewController.swift in Sources */,
				0204F7211E058CE200ECCB85 /* CalculatorBrain.swift in Sources */,
				02F8614A1E21547900F18FBC /* LocalNotificationViewController.swift in Sources */,
				023C153F1E03FAB500E5B4C1 /* SessionManager.swift in Sources */,
				02B1A86E1E35FFB5008CB207 /* MyProfileViewController.swift in Sources */,
				02F465751F311844004AE9CD /* RotationLabelViewController.swift in Sources */,
				02B1A8701E360109008CB207 /* MyProfileHeaderView.swift in Sources */,
				023C15431E03FF8B00E5B4C1 /* FaceView.swift in Sources */,
				026BD1751E21A91B00C0E3F3 /* HistogramView.swift in Sources */,
				020566EE1F556B08000A46DA /* CollectionPresenter.swift in Sources */,
				02B1A81A1E3358E2008CB207 /* ImageViewController.swift in Sources */,
				025668F21E3242FB003966E2 /* MKGPX.swift in Sources */,
				02641D4F1EF2667F0037741D /* AudioViewController.swift in Sources */,
			);
			runOnlyForDeploymentPostprocessing = 0;
		};
		02F010F41E03E13C00D730D8 /* Sources */ = {
			isa = PBXSourcesBuildPhase;
			buildActionMask = 2147483647;
			files = (
				0241C3E61F33C3BC00754F3B /* MyButtonView.swift in Sources */,
				02F010FD1E03E13C00D730D8 /* ApolloTests.swift in Sources */,
			);
			runOnlyForDeploymentPostprocessing = 0;
		};
		02F010FF1E03E13C00D730D8 /* Sources */ = {
			isa = PBXSourcesBuildPhase;
			buildActionMask = 2147483647;
			files = (
				0241C3E71F33C3BC00754F3B /* MyButtonView.swift in Sources */,
				02F011081E03E13C00D730D8 /* ApolloUITests.swift in Sources */,
			);
			runOnlyForDeploymentPostprocessing = 0;
		};
/* End PBXSourcesBuildPhase section */

/* Begin PBXTargetDependency section */
		02F010FA1E03E13C00D730D8 /* PBXTargetDependency */ = {
			isa = PBXTargetDependency;
			target = 02F010E31E03E13C00D730D8 /* Apollo */;
			targetProxy = 02F010F91E03E13C00D730D8 /* PBXContainerItemProxy */;
		};
		02F011051E03E13C00D730D8 /* PBXTargetDependency */ = {
			isa = PBXTargetDependency;
			target = 02F010E31E03E13C00D730D8 /* Apollo */;
			targetProxy = 02F011041E03E13C00D730D8 /* PBXContainerItemProxy */;
		};
/* End PBXTargetDependency section */

/* Begin PBXVariantGroup section */
		02F010EB1E03E13C00D730D8 /* Main.storyboard */ = {
			isa = PBXVariantGroup;
			children = (
				02F010EC1E03E13C00D730D8 /* Base */,
			);
			name = Main.storyboard;
			sourceTree = "<group>";
		};
		02F010F01E03E13C00D730D8 /* LaunchScreen.storyboard */ = {
			isa = PBXVariantGroup;
			children = (
				02F010F11E03E13C00D730D8 /* Base */,
			);
			name = LaunchScreen.storyboard;
			sourceTree = "<group>";
		};
/* End PBXVariantGroup section */

/* Begin XCBuildConfiguration section */
		02F0110A1E03E13C00D730D8 /* Debug */ = {
			isa = XCBuildConfiguration;
			buildSettings = {
				ALWAYS_SEARCH_USER_PATHS = NO;
				CLANG_ANALYZER_NONNULL = YES;
				CLANG_CXX_LANGUAGE_STANDARD = "gnu++0x";
				CLANG_CXX_LIBRARY = "libc++";
				CLANG_ENABLE_MODULES = YES;
				CLANG_ENABLE_OBJC_ARC = YES;
				CLANG_WARN_BOOL_CONVERSION = YES;
				CLANG_WARN_CONSTANT_CONVERSION = YES;
				CLANG_WARN_DIRECT_OBJC_ISA_USAGE = YES_ERROR;
				CLANG_WARN_DOCUMENTATION_COMMENTS = YES;
				CLANG_WARN_EMPTY_BODY = YES;
				CLANG_WARN_ENUM_CONVERSION = YES;
				CLANG_WARN_INFINITE_RECURSION = YES;
				CLANG_WARN_INT_CONVERSION = YES;
				CLANG_WARN_OBJC_ROOT_CLASS = YES_ERROR;
				CLANG_WARN_SUSPICIOUS_MOVES = YES;
				CLANG_WARN_UNREACHABLE_CODE = YES;
				CLANG_WARN__DUPLICATE_METHOD_MATCH = YES;
				"CODE_SIGN_IDENTITY[sdk=iphoneos*]" = "iPhone Developer";
				COPY_PHASE_STRIP = NO;
				DEBUG_INFORMATION_FORMAT = dwarf;
				ENABLE_STRICT_OBJC_MSGSEND = YES;
				ENABLE_TESTABILITY = YES;
				GCC_C_LANGUAGE_STANDARD = gnu99;
				GCC_DYNAMIC_NO_PIC = NO;
				GCC_NO_COMMON_BLOCKS = YES;
				GCC_OPTIMIZATION_LEVEL = 0;
				GCC_PREPROCESSOR_DEFINITIONS = (
					"DEBUG=1",
					"$(inherited)",
				);
				GCC_WARN_64_TO_32_BIT_CONVERSION = YES;
				GCC_WARN_ABOUT_RETURN_TYPE = YES_ERROR;
				GCC_WARN_UNDECLARED_SELECTOR = YES;
				GCC_WARN_UNINITIALIZED_AUTOS = YES_AGGRESSIVE;
				GCC_WARN_UNUSED_FUNCTION = YES;
				GCC_WARN_UNUSED_VARIABLE = YES;
				IPHONEOS_DEPLOYMENT_TARGET = 10.1;
				MTL_ENABLE_DEBUG_INFO = YES;
				ONLY_ACTIVE_ARCH = YES;
				SDKROOT = iphoneos;
				SWIFT_ACTIVE_COMPILATION_CONDITIONS = DEBUG;
				SWIFT_OPTIMIZATION_LEVEL = "-Onone";
				TARGETED_DEVICE_FAMILY = "1,2";
			};
			name = Debug;
		};
		02F0110B1E03E13C00D730D8 /* Release */ = {
			isa = XCBuildConfiguration;
			buildSettings = {
				ALWAYS_SEARCH_USER_PATHS = NO;
				CLANG_ANALYZER_NONNULL = YES;
				CLANG_CXX_LANGUAGE_STANDARD = "gnu++0x";
				CLANG_CXX_LIBRARY = "libc++";
				CLANG_ENABLE_MODULES = YES;
				CLANG_ENABLE_OBJC_ARC = YES;
				CLANG_WARN_BOOL_CONVERSION = YES;
				CLANG_WARN_CONSTANT_CONVERSION = YES;
				CLANG_WARN_DIRECT_OBJC_ISA_USAGE = YES_ERROR;
				CLANG_WARN_DOCUMENTATION_COMMENTS = YES;
				CLANG_WARN_EMPTY_BODY = YES;
				CLANG_WARN_ENUM_CONVERSION = YES;
				CLANG_WARN_INFINITE_RECURSION = YES;
				CLANG_WARN_INT_CONVERSION = YES;
				CLANG_WARN_OBJC_ROOT_CLASS = YES_ERROR;
				CLANG_WARN_SUSPICIOUS_MOVES = YES;
				CLANG_WARN_UNREACHABLE_CODE = YES;
				CLANG_WARN__DUPLICATE_METHOD_MATCH = YES;
				"CODE_SIGN_IDENTITY[sdk=iphoneos*]" = "iPhone Developer";
				COPY_PHASE_STRIP = NO;
				DEBUG_INFORMATION_FORMAT = "dwarf-with-dsym";
				ENABLE_NS_ASSERTIONS = NO;
				ENABLE_STRICT_OBJC_MSGSEND = YES;
				GCC_C_LANGUAGE_STANDARD = gnu99;
				GCC_NO_COMMON_BLOCKS = YES;
				GCC_WARN_64_TO_32_BIT_CONVERSION = YES;
				GCC_WARN_ABOUT_RETURN_TYPE = YES_ERROR;
				GCC_WARN_UNDECLARED_SELECTOR = YES;
				GCC_WARN_UNINITIALIZED_AUTOS = YES_AGGRESSIVE;
				GCC_WARN_UNUSED_FUNCTION = YES;
				GCC_WARN_UNUSED_VARIABLE = YES;
				IPHONEOS_DEPLOYMENT_TARGET = 10.1;
				MTL_ENABLE_DEBUG_INFO = NO;
				SDKROOT = iphoneos;
				SWIFT_OPTIMIZATION_LEVEL = "-Owholemodule";
				TARGETED_DEVICE_FAMILY = "1,2";
				VALIDATE_PRODUCT = YES;
			};
			name = Release;
		};
		02F0110D1E03E13C00D730D8 /* Debug */ = {
			isa = XCBuildConfiguration;
			baseConfigurationReference = 15E92AA34E6449269BAB21CA /* Pods-Apollo.debug.xcconfig */;
			buildSettings = {
				ASSETCATALOG_COMPILER_APPICON_NAME = AppIcon;
				DEVELOPMENT_TEAM = UHQQY8UDK4;
				INFOPLIST_FILE = Apollo/Info.plist;
				IPHONEOS_DEPLOYMENT_TARGET = 9.0;
				LD_RUNPATH_SEARCH_PATHS = "$(inherited) @executable_path/Frameworks";
				PRODUCT_BUNDLE_IDENTIFIER = com.max.tang.Apollo;
				PRODUCT_NAME = "$(TARGET_NAME)";
				SWIFT_INCLUDE_PATHS = "";
				SWIFT_OBJC_BRIDGING_HEADER = "$(SWIFT_MODULE_NAME)/Bridging-Header.h";
				SWIFT_VERSION = 3.0;
			};
			name = Debug;
		};
		02F0110E1E03E13C00D730D8 /* Release */ = {
			isa = XCBuildConfiguration;
			baseConfigurationReference = 46AAB5335A3AFEDD5ADFDAFB /* Pods-Apollo.release.xcconfig */;
			buildSettings = {
				ASSETCATALOG_COMPILER_APPICON_NAME = AppIcon;
				DEVELOPMENT_TEAM = UHQQY8UDK4;
				INFOPLIST_FILE = Apollo/Info.plist;
				IPHONEOS_DEPLOYMENT_TARGET = 9.0;
				LD_RUNPATH_SEARCH_PATHS = "$(inherited) @executable_path/Frameworks";
				PRODUCT_BUNDLE_IDENTIFIER = com.max.tang.Apollo;
				PRODUCT_NAME = "$(TARGET_NAME)";
				SWIFT_INCLUDE_PATHS = "";
				SWIFT_OBJC_BRIDGING_HEADER = "$(SWIFT_MODULE_NAME)/Bridging-Header.h";
				SWIFT_VERSION = 3.0;
			};
			name = Release;
		};
		02F011101E03E13C00D730D8 /* Debug */ = {
			isa = XCBuildConfiguration;
			baseConfigurationReference = C16AD7DDD15B0727C68B20B5 /* Pods-ApolloTests.debug.xcconfig */;
			buildSettings = {
				ALWAYS_EMBED_SWIFT_STANDARD_LIBRARIES = YES;
				BUNDLE_LOADER = "$(TEST_HOST)";
				DEVELOPMENT_TEAM = UHQQY8UDK4;
				INFOPLIST_FILE = ApolloTests/Info.plist;
				LD_RUNPATH_SEARCH_PATHS = "$(inherited) @executable_path/Frameworks @loader_path/Frameworks";
				PRODUCT_BUNDLE_IDENTIFIER = com.max.tang.ApolloTests;
				PRODUCT_NAME = "$(TARGET_NAME)";
				SWIFT_VERSION = 3.0;
				TEST_HOST = "$(BUILT_PRODUCTS_DIR)/Apollo.app/Apollo";
			};
			name = Debug;
		};
		02F011111E03E13C00D730D8 /* Release */ = {
			isa = XCBuildConfiguration;
			baseConfigurationReference = 797B6CC7F69CD462AC815F4B /* Pods-ApolloTests.release.xcconfig */;
			buildSettings = {
				ALWAYS_EMBED_SWIFT_STANDARD_LIBRARIES = YES;
				BUNDLE_LOADER = "$(TEST_HOST)";
				DEVELOPMENT_TEAM = UHQQY8UDK4;
				INFOPLIST_FILE = ApolloTests/Info.plist;
				LD_RUNPATH_SEARCH_PATHS = "$(inherited) @executable_path/Frameworks @loader_path/Frameworks";
				PRODUCT_BUNDLE_IDENTIFIER = com.max.tang.ApolloTests;
				PRODUCT_NAME = "$(TARGET_NAME)";
				SWIFT_VERSION = 3.0;
				TEST_HOST = "$(BUILT_PRODUCTS_DIR)/Apollo.app/Apollo";
			};
			name = Release;
		};
		02F011131E03E13C00D730D8 /* Debug */ = {
			isa = XCBuildConfiguration;
			baseConfigurationReference = E8A7C41E1CF100C3948F78C7 /* Pods-ApolloUITests.debug.xcconfig */;
			buildSettings = {
				ALWAYS_EMBED_SWIFT_STANDARD_LIBRARIES = YES;
				DEVELOPMENT_TEAM = UHQQY8UDK4;
				INFOPLIST_FILE = ApolloUITests/Info.plist;
				LD_RUNPATH_SEARCH_PATHS = "$(inherited) @executable_path/Frameworks @loader_path/Frameworks";
				PRODUCT_BUNDLE_IDENTIFIER = com.max.tang.ApolloUITests;
				PRODUCT_NAME = "$(TARGET_NAME)";
				SWIFT_VERSION = 3.0;
				TEST_TARGET_NAME = Apollo;
			};
			name = Debug;
		};
		02F011141E03E13C00D730D8 /* Release */ = {
			isa = XCBuildConfiguration;
			baseConfigurationReference = 6DE4841194F04DE414E2E7F7 /* Pods-ApolloUITests.release.xcconfig */;
			buildSettings = {
				ALWAYS_EMBED_SWIFT_STANDARD_LIBRARIES = YES;
				DEVELOPMENT_TEAM = UHQQY8UDK4;
				INFOPLIST_FILE = ApolloUITests/Info.plist;
				LD_RUNPATH_SEARCH_PATHS = "$(inherited) @executable_path/Frameworks @loader_path/Frameworks";
				PRODUCT_BUNDLE_IDENTIFIER = com.max.tang.ApolloUITests;
				PRODUCT_NAME = "$(TARGET_NAME)";
				SWIFT_VERSION = 3.0;
				TEST_TARGET_NAME = Apollo;
			};
			name = Release;
		};
/* End XCBuildConfiguration section */

/* Begin XCConfigurationList section */
		02F010DF1E03E13C00D730D8 /* Build configuration list for PBXProject "Apollo" */ = {
			isa = XCConfigurationList;
			buildConfigurations = (
				02F0110A1E03E13C00D730D8 /* Debug */,
				02F0110B1E03E13C00D730D8 /* Release */,
			);
			defaultConfigurationIsVisible = 0;
			defaultConfigurationName = Release;
		};
		02F0110C1E03E13C00D730D8 /* Build configuration list for PBXNativeTarget "Apollo" */ = {
			isa = XCConfigurationList;
			buildConfigurations = (
				02F0110D1E03E13C00D730D8 /* Debug */,
				02F0110E1E03E13C00D730D8 /* Release */,
			);
			defaultConfigurationIsVisible = 0;
			defaultConfigurationName = Release;
		};
		02F0110F1E03E13C00D730D8 /* Build configuration list for PBXNativeTarget "ApolloTests" */ = {
			isa = XCConfigurationList;
			buildConfigurations = (
				02F011101E03E13C00D730D8 /* Debug */,
				02F011111E03E13C00D730D8 /* Release */,
			);
			defaultConfigurationIsVisible = 0;
			defaultConfigurationName = Release;
		};
		02F011121E03E13C00D730D8 /* Build configuration list for PBXNativeTarget "ApolloUITests" */ = {
			isa = XCConfigurationList;
			buildConfigurations = (
				02F011131E03E13C00D730D8 /* Debug */,
				02F011141E03E13C00D730D8 /* Release */,
			);
			defaultConfigurationIsVisible = 0;
			defaultConfigurationName = Release;
		};
/* End XCConfigurationList section */
	};
	rootObject = 02F010DC1E03E13C00D730D8 /* Project object */;
}
